
Microsoft Visual Studio Solution File, Format Version 12.00
# Visual Studio Version 17
VisualStudioVersion = 17.4.33213.308
MinimumVisualStudioVersion = 10.0.40219.1
Project("{FAE04EC0-301F-11D3-BF4B-00C04F79EFBC}") = "AplicacaoConsoleArquivoStreams", "AplicacaoConsoleArquivoStreams\AplicacaoConsoleArquivoStreams.csproj", "{14FAFE81-0010-49E1-9947-6C7C8C19E853}"
EndProject
Global
	GlobalSection(SolutionConfigurationPlatforms) = preSolution
		Debug|Any CPU = Debug|Any CPU
		Release|Any CPU = Release|Any CPU
	EndGlobalSection
	GlobalSection(ProjectConfigurationPlatforms) = postSolution
		{14FAFE81-0010-49E1-9947-6C7C8C19E853}.Debug|Any CPU.ActiveCfg = Debug|Any CPU
		{14FAFE81-0010-49E1-9947-6C7C8C19E853}.Debug|Any CPU.Build.0 = Debug|Any CPU
		{14FAFE81-0010-49E1-9947-6C7C8C19E853}.Release|Any CPU.ActiveCfg = Release|Any CPU
		{14FAFE81-0010-49E1-9947-6C7C8C19E853}.Release|Any CPU.Build.0 = Release|Any CPU
	EndGlobalSection
	GlobalSection(SolutionProperties) = preSolution
		HideSolutionNode = FALSE
	EndGlobalSection
	GlobalSection(ExtensibilityGlobals) = postSolution
		SolutionGuid = {98807F1C-9C66-4436-8BEC-776FEE8B1E11}
	EndGlobalSection
EndGlobal
